
Microsoft Visual Studio Solution File, Format Version 12.00
# Visual Studio 2012
Project("{FAE04EC0-301F-11D3-BF4B-00C04F79EFBC}") = "practiceFirst", "practiceFirst\practiceFirst.csproj", "{627D0B42-536E-4E6B-9CFA-24BA73A00C07}"
EndProject
Project("{FAE04EC0-301F-11D3-BF4B-00C04F79EFBC}") = "practiceTwo", "practiceTwo\practiceTwo\practiceTwo.csproj", "{CEC0C2E3-5191-467D-B714-464340104592}"
EndProject
Project("{FAE04EC0-301F-11D3-BF4B-00C04F79EFBC}") = "practiceThree", "practiceThree\practiceThree.csproj", "{F96EAB5C-270B-4D1B-82AB-5FB78931CE4B}"
EndProject
Project("{FAE04EC0-301F-11D3-BF4B-00C04F79EFBC}") = "practiceFore", "practiceFore\practiceFore.csproj", "{895F9885-5386-4DB4-BC5E-A41EE7D73F76}"
EndProject
Project("{FAE04EC0-301F-11D3-BF4B-00C04F79EFBC}") = "Swap", "Swap\Swap.csproj", "{A0A047D5-749D-43F8-9338-E0D2592A5FA8}"
EndProject
Project("{FAE04EC0-301F-11D3-BF4B-00C04F79EFBC}") = "Hit the key", "Hit the key\Hit the key.csproj", "{FC5AF86D-660C-4A61-8625-CB470B535D4E}"
EndProject
Project("{FAE04EC0-301F-11D3-BF4B-00C04F79EFBC}") = "PattyPlaner", "PattyPlaner\PattyPlaner.csproj", "{F428E655-9B7B-4664-A92A-80509F5B4615}"
EndProject
Project("{FAE04EC0-301F-11D3-BF4B-00C04F79EFBC}") = "Interface", "Interface\Interface.csproj", "{A4944E60-CC88-45EB-9E96-F528FF20DAA1}"
EndProject
Global
	GlobalSection(SolutionConfigurationPlatforms) = preSolution
		Debug|Any CPU = Debug|Any CPU
		Release|Any CPU = Release|Any CPU
	EndGlobalSection
	GlobalSection(ProjectConfigurationPlatforms) = postSolution
		{627D0B42-536E-4E6B-9CFA-24BA73A00C07}.Debug|Any CPU.ActiveCfg = Debug|Any CPU
		{627D0B42-536E-4E6B-9CFA-24BA73A00C07}.Debug|Any CPU.Build.0 = Debug|Any CPU
		{627D0B42-536E-4E6B-9CFA-24BA73A00C07}.Release|Any CPU.ActiveCfg = Release|Any CPU
		{627D0B42-536E-4E6B-9CFA-24BA73A00C07}.Release|Any CPU.Build.0 = Release|Any CPU
		{CEC0C2E3-5191-467D-B714-464340104592}.Debug|Any CPU.ActiveCfg = Debug|Any CPU
		{CEC0C2E3-5191-467D-B714-464340104592}.Debug|Any CPU.Build.0 = Debug|Any CPU
		{CEC0C2E3-5191-467D-B714-464340104592}.Release|Any CPU.ActiveCfg = Release|Any CPU
		{CEC0C2E3-5191-467D-B714-464340104592}.Release|Any CPU.Build.0 = Release|Any CPU
		{F96EAB5C-270B-4D1B-82AB-5FB78931CE4B}.Debug|Any CPU.ActiveCfg = Debug|Any CPU
		{F96EAB5C-270B-4D1B-82AB-5FB78931CE4B}.Debug|Any CPU.Build.0 = Debug|Any CPU
		{F96EAB5C-270B-4D1B-82AB-5FB78931CE4B}.Release|Any CPU.ActiveCfg = Release|Any CPU
		{F96EAB5C-270B-4D1B-82AB-5FB78931CE4B}.Release|Any CPU.Build.0 = Release|Any CPU
		{895F9885-5386-4DB4-BC5E-A41EE7D73F76}.Debug|Any CPU.ActiveCfg = Debug|Any CPU
		{895F9885-5386-4DB4-BC5E-A41EE7D73F76}.Debug|Any CPU.Build.0 = Debug|Any CPU
		{895F9885-5386-4DB4-BC5E-A41EE7D73F76}.Release|Any CPU.ActiveCfg = Release|Any CPU
		{895F9885-5386-4DB4-BC5E-A41EE7D73F76}.Release|Any CPU.Build.0 = Release|Any CPU
		{A0A047D5-749D-43F8-9338-E0D2592A5FA8}.Debug|Any CPU.ActiveCfg = Debug|Any CPU
		{A0A047D5-749D-43F8-9338-E0D2592A5FA8}.Debug|Any CPU.Build.0 = Debug|Any CPU
		{A0A047D5-749D-43F8-9338-E0D2592A5FA8}.Release|Any CPU.ActiveCfg = Release|Any CPU
		{A0A047D5-749D-43F8-9338-E0D2592A5FA8}.Release|Any CPU.Build.0 = Release|Any CPU
		{FC5AF86D-660C-4A61-8625-CB470B535D4E}.Debug|Any CPU.ActiveCfg = Debug|Any CPU
		{FC5AF86D-660C-4A61-8625-CB470B535D4E}.Debug|Any CPU.Build.0 = Debug|Any CPU
		{FC5AF86D-660C-4A61-8625-CB470B535D4E}.Release|Any CPU.ActiveCfg = Release|Any CPU
		{FC5AF86D-660C-4A61-8625-CB470B535D4E}.Release|Any CPU.Build.0 = Release|Any CPU
		{F428E655-9B7B-4664-A92A-80509F5B4615}.Debug|Any CPU.ActiveCfg = Debug|Any CPU
		{F428E655-9B7B-4664-A92A-80509F5B4615}.Debug|Any CPU.Build.0 = Debug|Any CPU
		{F428E655-9B7B-4664-A92A-80509F5B4615}.Release|Any CPU.ActiveCfg = Release|Any CPU
		{F428E655-9B7B-4664-A92A-80509F5B4615}.Release|Any CPU.Build.0 = Release|Any CPU
		{A4944E60-CC88-45EB-9E96-F528FF20DAA1}.Debug|Any CPU.ActiveCfg = Debug|Any CPU
		{A4944E60-CC88-45EB-9E96-F528FF20DAA1}.Debug|Any CPU.Build.0 = Debug|Any CPU
		{A4944E60-CC88-45EB-9E96-F528FF20DAA1}.Release|Any CPU.ActiveCfg = Release|Any CPU
		{A4944E60-CC88-45EB-9E96-F528FF20DAA1}.Release|Any CPU.Build.0 = Release|Any CPU
	EndGlobalSection
	GlobalSection(SolutionProperties) = preSolution
		HideSolutionNode = FALSE
	EndGlobalSection
EndGlobal
